{
  "nodes": {
    "flake-utils": {
      "inputs": {
        "systems": "systems"
      },
      "locked": {
        "lastModified": 1731533236,
        "narHash": "sha256-l0KFg5HjrsfsO/JpG+r7fRrqm12kzFHyUHqHCVpMMbI=",
        "owner": "numtide",
        "repo": "flake-utils",
        "rev": "11707dc2f618dd54ca8739b309ec4fc024de578b",
        "type": "github"
      },
      "original": {
        "owner": "numtide",
        "repo": "flake-utils",
        "type": "github"
      }
    },
    "locales": {
      "flake": false,
      "locked": {
        "lastModified": 1767245771,
        "narHash": "sha256-unrSfvi+S+I/1WI5fGEW6+Az6SDdgx+qgWCj+Q5CTxw=",
        "owner": "ajayyy",
        "repo": "ExtensionTranslations",
        "rev": "2f498a8579334ad067fd85803f4f00404799a390",
        "type": "github"
      },
      "original": {
        "owner": "ajayyy",
        "repo": "ExtensionTranslations",
        "type": "github"
      }
    },
    "maze-utils": {
      "flake": false,
      "locked": {
        "lastModified": 1767504348,
        "narHash": "sha256-cjwGLYjjJKnC/4omz0AzsaBsYvZtDOcwqfmTjdDJLaI=",
        "owner": "ajayyy",
        "repo": "maze-utils",
        "rev": "c1e0d65ed4536225fe3502ebdf4059260b17e598",
        "type": "github"
      },
      "original": {
        "owner": "ajayyy",
        "repo": "maze-utils",
        "type": "github"
      }
    },
    "nix-crx": {
      "locked": {
        "lastModified": 1774606966,
        "narHash": "sha256-gZjn7eVv79YWirHn1tyjnZYl+yuonowKYwKzIn49+UI=",
        "owner": "rivavolt",
        "repo": "nix-crx",
        "rev": "61e1c59e941cd73fc849edd38ed36e3b90b76b82",
        "type": "github"
      },
      "original": {
        "owner": "rivavolt",
        "repo": "nix-crx",
        "type": "github"
      }
    },
    "nixpkgs": {
      "locked": {
        "lastModified": 1769740369,
        "narHash": "sha256-xKPyJoMoXfXpDM5DFDZDsi9PHArf2k5BJjvReYXoFpM=",
        "owner": "NixOS",
        "repo": "nixpkgs",
        "rev": "6308c3b21396534d8aaeac46179c14c439a89b8a",
        "type": "github"
      },
      "original": {
        "owner": "NixOS",
        "ref": "nixpkgs-unstable",
        "repo": "nixpkgs",
        "type": "github"
      }
    },
    "root": {
      "inputs": {
        "flake-utils": "flake-utils",
        "locales": "locales",
        "maze-utils": "maze-utils",
        "nix-crx": "nix-crx",
        "nixpkgs": "nixpkgs"
      }
    },
    "systems": {
      "locked": {
        "lastModified": 1681028828,
        "narHash": "sha256-Vy1rq5AaRuLzOxct8nz4T6wlgyUR7zLU309k9mBC768=",
        "owner": "nix-systems",
        "repo": "default",
        "rev": "da67096a3b9bf56a91d16901293e51ba5b49a27e",
        "type": "github"
      },
      "original": {
        "owner": "nix-systems",
        "repo": "default",
        "type": "github"
      }
    }
  },
  "root": "root",
  "version": 7
}
