{
  "nodes": {
    "flake-utils": {
      "inputs": {
        "systems": "systems"
      },
      "locked": {
        "lastModified": 1731533236,
        "narHash": "sha256-l0KFg5HjrsfsO/JpG+r7fRrqm12kzFHyUHqHCVpMMbI=",
        "owner": "numtide",
        "repo": "flake-utils",
        "rev": "11707dc2f618dd54ca8739b309ec4fc024de578b",
        "type": "github"
      },
      "original": {
        "owner": "numtide",
        "repo": "flake-utils",
        "type": "github"
      }
    },
    "locales": {
      "flake": false,
      "locked": {
        "lastModified": 1767245771,
        "narHash": "sha256-unrSfvi+S+I/1WI5fGEW6+Az6SDdgx+qgWCj+Q5CTxw=",
        "owner": "ajayyy",
        "repo": "ExtensionTranslations",
        "rev": "2f498a8579334ad067fd85803f4f00404799a390",
        "type": "github"
      },
      "original": {
        "owner": "ajayyy",
        "repo": "ExtensionTranslations",
        "rev": "2f498a8579334ad067fd85803f4f00404799a390",
        "type": "github"
      }
    },
    "maze-utils": {
      "flake": false,
      "locked": {
        "lastModified": 1767504348,
        "narHash": "sha256-cjwGLYjjJKnC/4omz0AzsaBsYvZtDOcwqfmTjdDJLaI=",
        "owner": "ajayyy",
        "repo": "maze-utils",
        "rev": "c1e0d65ed4536225fe3502ebdf4059260b17e598",
        "type": "github"
      },
      "original": {
        "owner": "ajayyy",
        "repo": "maze-utils",
        "rev": "c1e0d65ed4536225fe3502ebdf4059260b17e598",
        "type": "github"
      }
    },
    "nix-crx": {
      "inputs": {
        "nixpkgs": [
          "nix-webext",
          "nixpkgs"
        ]
      },
      "locked": {
        "lastModified": 1781106844,
        "narHash": "sha256-yM3HgqnPngvnmDH40TM3zZjE/qAVzLxIozTfaYHOQVw=",
        "owner": "rivavolt",
        "repo": "nix-crx",
        "rev": "d9be73255b1011e088017bcd3b5475bac12a1d20",
        "type": "github"
      },
      "original": {
        "owner": "rivavolt",
        "repo": "nix-crx",
        "type": "github"
      }
    },
    "nix-webext": {
      "inputs": {
        "nix-crx": "nix-crx",
        "nixpkgs": "nixpkgs"
      },
      "locked": {
        "lastModified": 1781109594,
        "narHash": "sha256-R9ZKXVaWdhhJf6XQgNItVo6DStnFP45WWjfi5Rs1c5E=",
        "owner": "rivavolt",
        "repo": "nix-webext",
        "rev": "3d45a8003b1d4721f64d5e1455ab9c9b4d3fc7c4",
        "type": "github"
      },
      "original": {
        "owner": "rivavolt",
        "repo": "nix-webext",
        "type": "github"
      }
    },
    "nixpkgs": {
      "locked": {
        "lastModified": 1780749050,
        "narHash": "sha256-3av0pIjlOWQ6rDbNOmpUSvbNnJkGORQKKjb4LtCZsIY=",
        "owner": "NixOS",
        "repo": "nixpkgs",
        "rev": "a799d3e3886da994fa307f817a6bc705ae538eeb",
        "type": "github"
      },
      "original": {
        "owner": "NixOS",
        "ref": "nixos-unstable",
        "repo": "nixpkgs",
        "type": "github"
      }
    },
    "nixpkgs_2": {
      "locked": {
        "lastModified": 1780930886,
        "narHash": "sha256-rppURzHviaQN131F+nLiLdGfcb0uCd9gGP0E5+iw9MI=",
        "owner": "NixOS",
        "repo": "nixpkgs",
        "rev": "8c3cede7ddc26bd659d2d383b5610efbd2c7a16e",
        "type": "github"
      },
      "original": {
        "owner": "NixOS",
        "ref": "nixpkgs-unstable",
        "repo": "nixpkgs",
        "type": "github"
      }
    },
    "root": {
      "inputs": {
        "flake-utils": "flake-utils",
        "locales": "locales",
        "maze-utils": "maze-utils",
        "nix-webext": "nix-webext",
        "nixpkgs": "nixpkgs_2"
      }
    },
    "systems": {
      "locked": {
        "lastModified": 1681028828,
        "narHash": "sha256-Vy1rq5AaRuLzOxct8nz4T6wlgyUR7zLU309k9mBC768=",
        "owner": "nix-systems",
        "repo": "default",
        "rev": "da67096a3b9bf56a91d16901293e51ba5b49a27e",
        "type": "github"
      },
      "original": {
        "owner": "nix-systems",
        "repo": "default",
        "type": "github"
      }
    }
  },
  "root": "root",
  "version": 7
}
